
Microsoft Visual Studio Solution File, Format Version 12.00
# Visual Studio Version 17
VisualStudioVersion = 17.14.36221.1 d17.14
MinimumVisualStudioVersion = 10.0.40219.1
Project("{FAE04EC0-301F-11D3-BF4B-00C04F79EFBC}") = "operators-and types", "operators-and types.csproj", "{3500F488-2480-46BD-9CA2-AE7E239AC044}"
EndProject
Global
	GlobalSection(SolutionConfigurationPlatforms) = preSolution
		Debug|Any CPU = Debug|Any CPU
		Release|Any CPU = Release|Any CPU
	EndGlobalSection
	GlobalSection(ProjectConfigurationPlatforms) = postSolution
		{3500F488-2480-46BD-9CA2-AE7E239AC044}.Debug|Any CPU.ActiveCfg = Debug|Any CPU
		{3500F488-2480-46BD-9CA2-AE7E239AC044}.Debug|Any CPU.Build.0 = Debug|Any CPU
		{3500F488-2480-46BD-9CA2-AE7E239AC044}.Release|Any CPU.ActiveCfg = Release|Any CPU
		{3500F488-2480-46BD-9CA2-AE7E239AC044}.Release|Any CPU.Build.0 = Release|Any CPU
	EndGlobalSection
	GlobalSection(SolutionProperties) = preSolution
		HideSolutionNode = FALSE
	EndGlobalSection
	GlobalSection(ExtensibilityGlobals) = postSolution
		SolutionGuid = {D6A08D8A-3030-450A-A29A-E02B72BB61BE}
	EndGlobalSection
EndGlobal
