
Microsoft Visual Studio Solution File, Format Version 12.00
# Visual Studio Version 17
VisualStudioVersion = 17.14.36221.1 d17.14
MinimumVisualStudioVersion = 10.0.40219.1
Project("{FAE04EC0-301F-11D3-BF4B-00C04F79EFBC}") = "realational_operator", "realational_operator.csproj", "{AB483E12-C053-4270-A50D-F6B2F0841684}"
EndProject
Global
	GlobalSection(SolutionConfigurationPlatforms) = preSolution
		Debug|Any CPU = Debug|Any CPU
		Release|Any CPU = Release|Any CPU
	EndGlobalSection
	GlobalSection(ProjectConfigurationPlatforms) = postSolution
		{AB483E12-C053-4270-A50D-F6B2F0841684}.Debug|Any CPU.ActiveCfg = Debug|Any CPU
		{AB483E12-C053-4270-A50D-F6B2F0841684}.Debug|Any CPU.Build.0 = Debug|Any CPU
		{AB483E12-C053-4270-A50D-F6B2F0841684}.Release|Any CPU.ActiveCfg = Release|Any CPU
		{AB483E12-C053-4270-A50D-F6B2F0841684}.Release|Any CPU.Build.0 = Release|Any CPU
	EndGlobalSection
	GlobalSection(SolutionProperties) = preSolution
		HideSolutionNode = FALSE
	EndGlobalSection
	GlobalSection(ExtensibilityGlobals) = postSolution
		SolutionGuid = {309FE616-A22F-4B68-90BC-237E11D975A5}
	EndGlobalSection
EndGlobal
