
Microsoft Visual Studio Solution File, Format Version 12.00
# Visual Studio Version 17
VisualStudioVersion = 17.14.36804.6 d17.14
MinimumVisualStudioVersion = 10.0.40219.1
Project("{FAE04EC0-301F-11D3-BF4B-00C04F79EFBC}") = "mvcdemo", "mvcdemo.csproj", "{01C7DF6F-7C8A-46BA-B6AC-6CF5F8663216}"
EndProject
Global
	GlobalSection(SolutionConfigurationPlatforms) = preSolution
		Debug|Any CPU = Debug|Any CPU
		Release|Any CPU = Release|Any CPU
	EndGlobalSection
	GlobalSection(ProjectConfigurationPlatforms) = postSolution
		{01C7DF6F-7C8A-46BA-B6AC-6CF5F8663216}.Debug|Any CPU.ActiveCfg = Debug|Any CPU
		{01C7DF6F-7C8A-46BA-B6AC-6CF5F8663216}.Debug|Any CPU.Build.0 = Debug|Any CPU
		{01C7DF6F-7C8A-46BA-B6AC-6CF5F8663216}.Release|Any CPU.ActiveCfg = Release|Any CPU
		{01C7DF6F-7C8A-46BA-B6AC-6CF5F8663216}.Release|Any CPU.Build.0 = Release|Any CPU
	EndGlobalSection
	GlobalSection(SolutionProperties) = preSolution
		HideSolutionNode = FALSE
	EndGlobalSection
	GlobalSection(ExtensibilityGlobals) = postSolution
		SolutionGuid = {9DCF1712-88F9-4D9C-B960-1B97AB10D6DC}
	EndGlobalSection
EndGlobal
