
Microsoft Visual Studio Solution File, Format Version 12.00
# Visual Studio Version 17
VisualStudioVersion = 17.14.36221.1 d17.14
MinimumVisualStudioVersion = 10.0.40219.1
Project("{FAE04EC0-301F-11D3-BF4B-00C04F79EFBC}") = "html file", "html file\html file.csproj", "{7B8E635D-B66B-488D-B8F9-7896A9743563}"
EndProject
Global
	GlobalSection(SolutionConfigurationPlatforms) = preSolution
		Debug|Any CPU = Debug|Any CPU
		Release|Any CPU = Release|Any CPU
	EndGlobalSection
	GlobalSection(ProjectConfigurationPlatforms) = postSolution
		{7B8E635D-B66B-488D-B8F9-7896A9743563}.Debug|Any CPU.ActiveCfg = Debug|Any CPU
		{7B8E635D-B66B-488D-B8F9-7896A9743563}.Debug|Any CPU.Build.0 = Debug|Any CPU
		{7B8E635D-B66B-488D-B8F9-7896A9743563}.Release|Any CPU.ActiveCfg = Release|Any CPU
		{7B8E635D-B66B-488D-B8F9-7896A9743563}.Release|Any CPU.Build.0 = Release|Any CPU
	EndGlobalSection
	GlobalSection(SolutionProperties) = preSolution
		HideSolutionNode = FALSE
	EndGlobalSection
	GlobalSection(ExtensibilityGlobals) = postSolution
		SolutionGuid = {59623EBC-501C-4B17-AC8E-81EE03D9E5BD}
	EndGlobalSection
EndGlobal
