
Microsoft Visual Studio Solution File, Format Version 12.00
# Visual Studio Version 17
VisualStudioVersion = 17.14.36804.6 d17.14
MinimumVisualStudioVersion = 10.0.40219.1
Project("{FAE04EC0-301F-11D3-BF4B-00C04F79EFBC}") = "MVC Demo1", "MVC Demo1.csproj", "{03C6BDF6-A8B3-410B-BC3D-3F7B63F5ABD7}"
EndProject
Global
	GlobalSection(SolutionConfigurationPlatforms) = preSolution
		Debug|Any CPU = Debug|Any CPU
		Release|Any CPU = Release|Any CPU
	EndGlobalSection
	GlobalSection(ProjectConfigurationPlatforms) = postSolution
		{03C6BDF6-A8B3-410B-BC3D-3F7B63F5ABD7}.Debug|Any CPU.ActiveCfg = Debug|Any CPU
		{03C6BDF6-A8B3-410B-BC3D-3F7B63F5ABD7}.Debug|Any CPU.Build.0 = Debug|Any CPU
		{03C6BDF6-A8B3-410B-BC3D-3F7B63F5ABD7}.Release|Any CPU.ActiveCfg = Release|Any CPU
		{03C6BDF6-A8B3-410B-BC3D-3F7B63F5ABD7}.Release|Any CPU.Build.0 = Release|Any CPU
	EndGlobalSection
	GlobalSection(SolutionProperties) = preSolution
		HideSolutionNode = FALSE
	EndGlobalSection
	GlobalSection(ExtensibilityGlobals) = postSolution
		SolutionGuid = {82A99537-F08F-4851-8082-CE48B9183669}
	EndGlobalSection
EndGlobal
