
Microsoft Visual Studio Solution File, Format Version 12.00
# Visual Studio Version 17
VisualStudioVersion = 17.14.36414.22 d17.14
MinimumVisualStudioVersion = 10.0.40219.1
Project("{FAE04EC0-301F-11D3-BF4B-00C04F79EFBC}") = "AllValidations", "AllValidations.csproj", "{1AE1042D-FAC4-472E-80DE-86F0FE41576B}"
EndProject
Global
	GlobalSection(SolutionConfigurationPlatforms) = preSolution
		Debug|Any CPU = Debug|Any CPU
		Release|Any CPU = Release|Any CPU
	EndGlobalSection
	GlobalSection(ProjectConfigurationPlatforms) = postSolution
		{1AE1042D-FAC4-472E-80DE-86F0FE41576B}.Debug|Any CPU.ActiveCfg = Debug|Any CPU
		{1AE1042D-FAC4-472E-80DE-86F0FE41576B}.Debug|Any CPU.Build.0 = Debug|Any CPU
		{1AE1042D-FAC4-472E-80DE-86F0FE41576B}.Release|Any CPU.ActiveCfg = Release|Any CPU
		{1AE1042D-FAC4-472E-80DE-86F0FE41576B}.Release|Any CPU.Build.0 = Release|Any CPU
	EndGlobalSection
	GlobalSection(SolutionProperties) = preSolution
		HideSolutionNode = FALSE
	EndGlobalSection
	GlobalSection(ExtensibilityGlobals) = postSolution
		SolutionGuid = {FC8855BF-B21C-4970-9135-C302B4A61FDC}
	EndGlobalSection
EndGlobal
