
Microsoft Visual Studio Solution File, Format Version 12.00
# Visual Studio Version 17
VisualStudioVersion = 17.14.36804.6 d17.14
MinimumVisualStudioVersion = 10.0.40219.1
Project("{FAE04EC0-301F-11D3-BF4B-00C04F79EFBC}") = "Sqldata", "Sqldata.csproj", "{4AA727BB-234B-4AC6-8156-F1CB98A64E8C}"
EndProject
Global
	GlobalSection(SolutionConfigurationPlatforms) = preSolution
		Debug|Any CPU = Debug|Any CPU
		Release|Any CPU = Release|Any CPU
	EndGlobalSection
	GlobalSection(ProjectConfigurationPlatforms) = postSolution
		{4AA727BB-234B-4AC6-8156-F1CB98A64E8C}.Debug|Any CPU.ActiveCfg = Debug|Any CPU
		{4AA727BB-234B-4AC6-8156-F1CB98A64E8C}.Debug|Any CPU.Build.0 = Debug|Any CPU
		{4AA727BB-234B-4AC6-8156-F1CB98A64E8C}.Release|Any CPU.ActiveCfg = Release|Any CPU
		{4AA727BB-234B-4AC6-8156-F1CB98A64E8C}.Release|Any CPU.Build.0 = Release|Any CPU
	EndGlobalSection
	GlobalSection(SolutionProperties) = preSolution
		HideSolutionNode = FALSE
	EndGlobalSection
	GlobalSection(ExtensibilityGlobals) = postSolution
		SolutionGuid = {B1B74D75-0DD3-4875-AF03-C87C8232769F}
	EndGlobalSection
EndGlobal
