
Microsoft Visual Studio Solution File, Format Version 12.00
# Visual Studio Version 17
VisualStudioVersion = 17.14.36915.13 d17.14
MinimumVisualStudioVersion = 10.0.40219.1
Project("{FAE04EC0-301F-11D3-BF4B-00C04F79EFBC}") = "ConsoleApp10", "ConsoleApp10.csproj", "{FF22C861-B2F9-4608-8179-51A658C531AB}"
EndProject
Global
	GlobalSection(SolutionConfigurationPlatforms) = preSolution
		Debug|Any CPU = Debug|Any CPU
		Release|Any CPU = Release|Any CPU
	EndGlobalSection
	GlobalSection(ProjectConfigurationPlatforms) = postSolution
		{FF22C861-B2F9-4608-8179-51A658C531AB}.Debug|Any CPU.ActiveCfg = Debug|Any CPU
		{FF22C861-B2F9-4608-8179-51A658C531AB}.Debug|Any CPU.Build.0 = Debug|Any CPU
		{FF22C861-B2F9-4608-8179-51A658C531AB}.Release|Any CPU.ActiveCfg = Release|Any CPU
		{FF22C861-B2F9-4608-8179-51A658C531AB}.Release|Any CPU.Build.0 = Release|Any CPU
	EndGlobalSection
	GlobalSection(SolutionProperties) = preSolution
		HideSolutionNode = FALSE
	EndGlobalSection
	GlobalSection(ExtensibilityGlobals) = postSolution
		SolutionGuid = {70895F17-7B8F-4513-95CD-A4696D1835FD}
	EndGlobalSection
EndGlobal
