
Microsoft Visual Studio Solution File, Format Version 12.00
# Visual Studio Version 17
VisualStudioVersion = 17.14.36221.1 d17.14
MinimumVisualStudioVersion = 10.0.40219.1
Project("{FAE04EC0-301F-11D3-BF4B-00C04F79EFBC}") = "parameters_types", "parameters_types.csproj", "{DEAB0E3E-BB5C-4EC6-8FF7-24450A64D41D}"
EndProject
Global
	GlobalSection(SolutionConfigurationPlatforms) = preSolution
		Debug|Any CPU = Debug|Any CPU
		Release|Any CPU = Release|Any CPU
	EndGlobalSection
	GlobalSection(ProjectConfigurationPlatforms) = postSolution
		{DEAB0E3E-BB5C-4EC6-8FF7-24450A64D41D}.Debug|Any CPU.ActiveCfg = Debug|Any CPU
		{DEAB0E3E-BB5C-4EC6-8FF7-24450A64D41D}.Debug|Any CPU.Build.0 = Debug|Any CPU
		{DEAB0E3E-BB5C-4EC6-8FF7-24450A64D41D}.Release|Any CPU.ActiveCfg = Release|Any CPU
		{DEAB0E3E-BB5C-4EC6-8FF7-24450A64D41D}.Release|Any CPU.Build.0 = Release|Any CPU
	EndGlobalSection
	GlobalSection(SolutionProperties) = preSolution
		HideSolutionNode = FALSE
	EndGlobalSection
	GlobalSection(ExtensibilityGlobals) = postSolution
		SolutionGuid = {C345DCB4-42F0-43C2-976F-C440324F6F6E}
	EndGlobalSection
EndGlobal
