
Microsoft Visual Studio Solution File, Format Version 12.00
# Visual Studio Version 17
VisualStudioVersion = 17.14.36221.1 d17.14
MinimumVisualStudioVersion = 10.0.40219.1
Project("{FAE04EC0-301F-11D3-BF4B-00C04F79EFBC}") = "Inheritance", "Inheritance.csproj", "{47E28E49-4BC0-4F5B-8F8F-E5470A4772F9}"
EndProject
Global
	GlobalSection(SolutionConfigurationPlatforms) = preSolution
		Debug|Any CPU = Debug|Any CPU
		Release|Any CPU = Release|Any CPU
	EndGlobalSection
	GlobalSection(ProjectConfigurationPlatforms) = postSolution
		{47E28E49-4BC0-4F5B-8F8F-E5470A4772F9}.Debug|Any CPU.ActiveCfg = Debug|Any CPU
		{47E28E49-4BC0-4F5B-8F8F-E5470A4772F9}.Debug|Any CPU.Build.0 = Debug|Any CPU
		{47E28E49-4BC0-4F5B-8F8F-E5470A4772F9}.Release|Any CPU.ActiveCfg = Release|Any CPU
		{47E28E49-4BC0-4F5B-8F8F-E5470A4772F9}.Release|Any CPU.Build.0 = Release|Any CPU
	EndGlobalSection
	GlobalSection(SolutionProperties) = preSolution
		HideSolutionNode = FALSE
	EndGlobalSection
	GlobalSection(ExtensibilityGlobals) = postSolution
		SolutionGuid = {D658AE36-240A-4299-9B4B-2386C90814C9}
	EndGlobalSection
EndGlobal
