
Microsoft Visual Studio Solution File, Format Version 12.00
# Visual Studio Version 17
VisualStudioVersion = 17.14.36221.1 d17.14
MinimumVisualStudioVersion = 10.0.40219.1
Project("{FAE04EC0-301F-11D3-BF4B-00C04F79EFBC}") = "control statements", "control statements.csproj", "{84DD6EB2-DCB9-4082-93D1-ABE843E02E90}"
EndProject
Global
	GlobalSection(SolutionConfigurationPlatforms) = preSolution
		Debug|Any CPU = Debug|Any CPU
		Release|Any CPU = Release|Any CPU
	EndGlobalSection
	GlobalSection(ProjectConfigurationPlatforms) = postSolution
		{84DD6EB2-DCB9-4082-93D1-ABE843E02E90}.Debug|Any CPU.ActiveCfg = Debug|Any CPU
		{84DD6EB2-DCB9-4082-93D1-ABE843E02E90}.Debug|Any CPU.Build.0 = Debug|Any CPU
		{84DD6EB2-DCB9-4082-93D1-ABE843E02E90}.Release|Any CPU.ActiveCfg = Release|Any CPU
		{84DD6EB2-DCB9-4082-93D1-ABE843E02E90}.Release|Any CPU.Build.0 = Release|Any CPU
	EndGlobalSection
	GlobalSection(SolutionProperties) = preSolution
		HideSolutionNode = FALSE
	EndGlobalSection
	GlobalSection(ExtensibilityGlobals) = postSolution
		SolutionGuid = {76D7B5FD-4BD6-4230-AC61-C66D6913CE56}
	EndGlobalSection
EndGlobal
