
Microsoft Visual Studio Solution File, Format Version 12.00
# Visual Studio Version 17
VisualStudioVersion = 17.14.36414.22 d17.14
MinimumVisualStudioVersion = 10.0.40219.1
Project("{FAE04EC0-301F-11D3-BF4B-00C04F79EFBC}") = "webform1", "webform1.csproj", "{C37E413F-CCD1-4000-A7AC-36BDCF347942}"
EndProject
Global
	GlobalSection(SolutionConfigurationPlatforms) = preSolution
		Debug|Any CPU = Debug|Any CPU
		Release|Any CPU = Release|Any CPU
	EndGlobalSection
	GlobalSection(ProjectConfigurationPlatforms) = postSolution
		{C37E413F-CCD1-4000-A7AC-36BDCF347942}.Debug|Any CPU.ActiveCfg = Debug|Any CPU
		{C37E413F-CCD1-4000-A7AC-36BDCF347942}.Debug|Any CPU.Build.0 = Debug|Any CPU
		{C37E413F-CCD1-4000-A7AC-36BDCF347942}.Release|Any CPU.ActiveCfg = Release|Any CPU
		{C37E413F-CCD1-4000-A7AC-36BDCF347942}.Release|Any CPU.Build.0 = Release|Any CPU
	EndGlobalSection
	GlobalSection(SolutionProperties) = preSolution
		HideSolutionNode = FALSE
	EndGlobalSection
	GlobalSection(ExtensibilityGlobals) = postSolution
		SolutionGuid = {4284D4EF-751C-4B4A-92B1-63A06C8F1A2B}
	EndGlobalSection
EndGlobal
