
Microsoft Visual Studio Solution File, Format Version 12.00
# Visual Studio Version 17
VisualStudioVersion = 17.14.36414.22 d17.14
MinimumVisualStudioVersion = 10.0.40219.1
Project("{FAE04EC0-301F-11D3-BF4B-00C04F79EFBC}") = "first form", "first form.csproj", "{8EA3DD87-FD53-4F57-8BFF-2F0701B5E153}"
EndProject
Global
	GlobalSection(SolutionConfigurationPlatforms) = preSolution
		Debug|Any CPU = Debug|Any CPU
		Release|Any CPU = Release|Any CPU
	EndGlobalSection
	GlobalSection(ProjectConfigurationPlatforms) = postSolution
		{8EA3DD87-FD53-4F57-8BFF-2F0701B5E153}.Debug|Any CPU.ActiveCfg = Debug|Any CPU
		{8EA3DD87-FD53-4F57-8BFF-2F0701B5E153}.Debug|Any CPU.Build.0 = Debug|Any CPU
		{8EA3DD87-FD53-4F57-8BFF-2F0701B5E153}.Release|Any CPU.ActiveCfg = Release|Any CPU
		{8EA3DD87-FD53-4F57-8BFF-2F0701B5E153}.Release|Any CPU.Build.0 = Release|Any CPU
	EndGlobalSection
	GlobalSection(SolutionProperties) = preSolution
		HideSolutionNode = FALSE
	EndGlobalSection
	GlobalSection(ExtensibilityGlobals) = postSolution
		SolutionGuid = {54C61CB3-8541-4663-847D-426E7730E279}
	EndGlobalSection
EndGlobal
