
Microsoft Visual Studio Solution File, Format Version 12.00
# Visual Studio Version 17
VisualStudioVersion = 17.14.36804.6 d17.14
MinimumVisualStudioVersion = 10.0.40219.1
Project("{FAE04EC0-301F-11D3-BF4B-00C04F79EFBC}") = "MoviesDetails", "MoviesDetails.csproj", "{9597FFD3-2BB1-4CC1-ADBF-C532660E8BCC}"
EndProject
Global
	GlobalSection(SolutionConfigurationPlatforms) = preSolution
		Debug|Any CPU = Debug|Any CPU
		Release|Any CPU = Release|Any CPU
	EndGlobalSection
	GlobalSection(ProjectConfigurationPlatforms) = postSolution
		{9597FFD3-2BB1-4CC1-ADBF-C532660E8BCC}.Debug|Any CPU.ActiveCfg = Debug|Any CPU
		{9597FFD3-2BB1-4CC1-ADBF-C532660E8BCC}.Debug|Any CPU.Build.0 = Debug|Any CPU
		{9597FFD3-2BB1-4CC1-ADBF-C532660E8BCC}.Release|Any CPU.ActiveCfg = Release|Any CPU
		{9597FFD3-2BB1-4CC1-ADBF-C532660E8BCC}.Release|Any CPU.Build.0 = Release|Any CPU
	EndGlobalSection
	GlobalSection(SolutionProperties) = preSolution
		HideSolutionNode = FALSE
	EndGlobalSection
	GlobalSection(ExtensibilityGlobals) = postSolution
		SolutionGuid = {F726B488-6F28-499F-B4C0-029EBF37C435}
	EndGlobalSection
EndGlobal
