
Microsoft Visual Studio Solution File, Format Version 12.00
# Visual Studio Version 17
VisualStudioVersion = 17.14.36414.22 d17.14
MinimumVisualStudioVersion = 10.0.40219.1
Project("{FAE04EC0-301F-11D3-BF4B-00C04F79EFBC}") = "Pamplet", "Pamplet.csproj", "{F13D35BF-2A00-4D12-8F7E-85A666EF5CD4}"
EndProject
Global
	GlobalSection(SolutionConfigurationPlatforms) = preSolution
		Debug|Any CPU = Debug|Any CPU
		Release|Any CPU = Release|Any CPU
	EndGlobalSection
	GlobalSection(ProjectConfigurationPlatforms) = postSolution
		{F13D35BF-2A00-4D12-8F7E-85A666EF5CD4}.Debug|Any CPU.ActiveCfg = Debug|Any CPU
		{F13D35BF-2A00-4D12-8F7E-85A666EF5CD4}.Debug|Any CPU.Build.0 = Debug|Any CPU
		{F13D35BF-2A00-4D12-8F7E-85A666EF5CD4}.Release|Any CPU.ActiveCfg = Release|Any CPU
		{F13D35BF-2A00-4D12-8F7E-85A666EF5CD4}.Release|Any CPU.Build.0 = Release|Any CPU
	EndGlobalSection
	GlobalSection(SolutionProperties) = preSolution
		HideSolutionNode = FALSE
	EndGlobalSection
	GlobalSection(ExtensibilityGlobals) = postSolution
		SolutionGuid = {8150997A-D770-4432-840D-87D0386EC068}
	EndGlobalSection
EndGlobal
