
Microsoft Visual Studio Solution File, Format Version 12.00
# Visual Studio Version 17
VisualStudioVersion = 17.14.36221.1 d17.14
MinimumVisualStudioVersion = 10.0.40219.1
Project("{FAE04EC0-301F-11D3-BF4B-00C04F79EFBC}") = "floating_datatype", "floating_datatype.csproj", "{66B938FF-DACF-4D40-8FEB-947F50F873E1}"
EndProject
Global
	GlobalSection(SolutionConfigurationPlatforms) = preSolution
		Debug|Any CPU = Debug|Any CPU
		Release|Any CPU = Release|Any CPU
	EndGlobalSection
	GlobalSection(ProjectConfigurationPlatforms) = postSolution
		{66B938FF-DACF-4D40-8FEB-947F50F873E1}.Debug|Any CPU.ActiveCfg = Debug|Any CPU
		{66B938FF-DACF-4D40-8FEB-947F50F873E1}.Debug|Any CPU.Build.0 = Debug|Any CPU
		{66B938FF-DACF-4D40-8FEB-947F50F873E1}.Release|Any CPU.ActiveCfg = Release|Any CPU
		{66B938FF-DACF-4D40-8FEB-947F50F873E1}.Release|Any CPU.Build.0 = Release|Any CPU
	EndGlobalSection
	GlobalSection(SolutionProperties) = preSolution
		HideSolutionNode = FALSE
	EndGlobalSection
	GlobalSection(ExtensibilityGlobals) = postSolution
		SolutionGuid = {0440C967-74AE-4FCF-A80C-7BBC6C985B8B}
	EndGlobalSection
EndGlobal
