
Microsoft Visual Studio Solution File, Format Version 12.00
# Visual Studio Version 17
VisualStudioVersion = 17.14.36221.1 d17.14
MinimumVisualStudioVersion = 10.0.40219.1
Project("{FAE04EC0-301F-11D3-BF4B-00C04F79EFBC}") = "character_datatype", "character_datatype.csproj", "{AB21BF37-10D1-4665-AA96-FD7B8DF024AD}"
EndProject
Global
	GlobalSection(SolutionConfigurationPlatforms) = preSolution
		Debug|Any CPU = Debug|Any CPU
		Release|Any CPU = Release|Any CPU
	EndGlobalSection
	GlobalSection(ProjectConfigurationPlatforms) = postSolution
		{AB21BF37-10D1-4665-AA96-FD7B8DF024AD}.Debug|Any CPU.ActiveCfg = Debug|Any CPU
		{AB21BF37-10D1-4665-AA96-FD7B8DF024AD}.Debug|Any CPU.Build.0 = Debug|Any CPU
		{AB21BF37-10D1-4665-AA96-FD7B8DF024AD}.Release|Any CPU.ActiveCfg = Release|Any CPU
		{AB21BF37-10D1-4665-AA96-FD7B8DF024AD}.Release|Any CPU.Build.0 = Release|Any CPU
	EndGlobalSection
	GlobalSection(SolutionProperties) = preSolution
		HideSolutionNode = FALSE
	EndGlobalSection
	GlobalSection(ExtensibilityGlobals) = postSolution
		SolutionGuid = {92A0C580-A040-4A2C-A4FC-51B94F1E61FE}
	EndGlobalSection
EndGlobal
